
Microsoft Visual Studio Solution File, Format Version 12.00
# Visual Studio Version 17
VisualStudioVersion = 17.9.34701.34
MinimumVisualStudioVersion = 10.0.40219.1
Project("{FAE04EC0-301F-11D3-BF4B-00C04F79EFBC}") = "SeleniumDontNetFrameworkLesson", "SeleniumDontNetFrameworkLesson\SeleniumDontNetFrameworkLesson.csproj", "{D44286D0-FBB4-4317-9C1E-841454250651}"
EndProject
Project("{FAE04EC0-301F-11D3-BF4B-00C04F79EFBC}") = "WebDriverTestProject", "WebDriverTestProject\WebDriverTestProject.csproj", "{A500A9B9-AC07-4F92-8A7C-5B212E38E0B6}"
EndProject
Project("{FAE04EC0-301F-11D3-BF4B-00C04F79EFBC}") = "Core", "Core\Core.csproj", "{98395484-5010-4A6B-A22B-9F6123FF7567}"
EndProject
Global
	GlobalSection(SolutionConfigurationPlatforms) = preSolution
		Debug|Any CPU = Debug|Any CPU
		Release|Any CPU = Release|Any CPU
	EndGlobalSection
	GlobalSection(ProjectConfigurationPlatforms) = postSolution
		{D44286D0-FBB4-4317-9C1E-841454250651}.Debug|Any CPU.ActiveCfg = Debug|Any CPU
		{D44286D0-FBB4-4317-9C1E-841454250651}.Debug|Any CPU.Build.0 = Debug|Any CPU
		{D44286D0-FBB4-4317-9C1E-841454250651}.Release|Any CPU.ActiveCfg = Release|Any CPU
		{D44286D0-FBB4-4317-9C1E-841454250651}.Release|Any CPU.Build.0 = Release|Any CPU
		{A500A9B9-AC07-4F92-8A7C-5B212E38E0B6}.Debug|Any CPU.ActiveCfg = Debug|Any CPU
		{A500A9B9-AC07-4F92-8A7C-5B212E38E0B6}.Debug|Any CPU.Build.0 = Debug|Any CPU
		{A500A9B9-AC07-4F92-8A7C-5B212E38E0B6}.Release|Any CPU.ActiveCfg = Release|Any CPU
		{A500A9B9-AC07-4F92-8A7C-5B212E38E0B6}.Release|Any CPU.Build.0 = Release|Any CPU
		{98395484-5010-4A6B-A22B-9F6123FF7567}.Debug|Any CPU.ActiveCfg = Debug|Any CPU
		{98395484-5010-4A6B-A22B-9F6123FF7567}.Debug|Any CPU.Build.0 = Debug|Any CPU
		{98395484-5010-4A6B-A22B-9F6123FF7567}.Release|Any CPU.ActiveCfg = Release|Any CPU
		{98395484-5010-4A6B-A22B-9F6123FF7567}.Release|Any CPU.Build.0 = Release|Any CPU
	EndGlobalSection
	GlobalSection(SolutionProperties) = preSolution
		HideSolutionNode = FALSE
	EndGlobalSection
	GlobalSection(ExtensibilityGlobals) = postSolution
		SolutionGuid = {232EE966-17A0-47D5-B178-6C17C81549C6}
	EndGlobalSection
EndGlobal
